
Microsoft Visual Studio Solution File, Format Version 12.00
# Visual Studio 15
VisualStudioVersion = 15.0.28307.960
MinimumVisualStudioVersion = 10.0.40219.1
Project("{FAE04EC0-301F-11D3-BF4B-00C04F79EFBC}") = "WindowsFormsApp1", "WindowsFormsApp1\WindowsFormsApp1.csproj", "{31BAF9CB-FEB9-42C7-B1AF-906E69C203BC}"
EndProject
Global
	GlobalSection(SolutionConfigurationPlatforms) = preSolution
		Debug|Any CPU = Debug|Any CPU
		Release|Any CPU = Release|Any CPU
	EndGlobalSection
	GlobalSection(ProjectConfigurationPlatforms) = postSolution
		{31BAF9CB-FEB9-42C7-B1AF-906E69C203BC}.Debug|Any CPU.ActiveCfg = Debug|Any CPU
		{31BAF9CB-FEB9-42C7-B1AF-906E69C203BC}.Debug|Any CPU.Build.0 = Debug|Any CPU
		{31BAF9CB-FEB9-42C7-B1AF-906E69C203BC}.Release|Any CPU.ActiveCfg = Release|Any CPU
		{31BAF9CB-FEB9-42C7-B1AF-906E69C203BC}.Release|Any CPU.Build.0 = Release|Any CPU
	EndGlobalSection
	GlobalSection(SolutionProperties) = preSolution
		HideSolutionNode = FALSE
	EndGlobalSection
	GlobalSection(ExtensibilityGlobals) = postSolution
		SolutionGuid = {7C60B15C-C4D4-4406-9C95-BCA674329D00}
	EndGlobalSection
EndGlobal
